
Microsoft Visual Studio Solution File, Format Version 12.00
# Visual Studio Version 17
VisualStudioVersion = 17.7.34202.233
MinimumVisualStudioVersion = 10.0.40219.1
Project("{FAE04EC0-301F-11D3-BF4B-00C04F79EFBC}") = "WebApplication13", "WebApplication13\WebApplication13.csproj", "{C6772D78-CD84-4CC7-8703-E1C7628DA7F0}"
EndProject
Global
	GlobalSection(SolutionConfigurationPlatforms) = preSolution
		Debug|Any CPU = Debug|Any CPU
		Release|Any CPU = Release|Any CPU
	EndGlobalSection
	GlobalSection(ProjectConfigurationPlatforms) = postSolution
		{C6772D78-CD84-4CC7-8703-E1C7628DA7F0}.Debug|Any CPU.ActiveCfg = Debug|Any CPU
		{C6772D78-CD84-4CC7-8703-E1C7628DA7F0}.Debug|Any CPU.Build.0 = Debug|Any CPU
		{C6772D78-CD84-4CC7-8703-E1C7628DA7F0}.Release|Any CPU.ActiveCfg = Release|Any CPU
		{C6772D78-CD84-4CC7-8703-E1C7628DA7F0}.Release|Any CPU.Build.0 = Release|Any CPU
	EndGlobalSection
	GlobalSection(SolutionProperties) = preSolution
		HideSolutionNode = FALSE
	EndGlobalSection
	GlobalSection(ExtensibilityGlobals) = postSolution
		SolutionGuid = {1A7E5E77-878D-47AB-9EAB-F2B32D61C1B1}
	EndGlobalSection
EndGlobal
