
Microsoft Visual Studio Solution File, Format Version 12.00
# Visual Studio Version 17
VisualStudioVersion = 17.7.34202.233
MinimumVisualStudioVersion = 10.0.40219.1
Project("{FAE04EC0-301F-11D3-BF4B-00C04F79EFBC}") = "WebApplication7", "WebApplication7\WebApplication7.csproj", "{52B59746-83A7-4EB2-94D8-27E47B836FDF}"
EndProject
Global
	GlobalSection(SolutionConfigurationPlatforms) = preSolution
		Debug|Any CPU = Debug|Any CPU
		Release|Any CPU = Release|Any CPU
	EndGlobalSection
	GlobalSection(ProjectConfigurationPlatforms) = postSolution
		{52B59746-83A7-4EB2-94D8-27E47B836FDF}.Debug|Any CPU.ActiveCfg = Debug|Any CPU
		{52B59746-83A7-4EB2-94D8-27E47B836FDF}.Debug|Any CPU.Build.0 = Debug|Any CPU
		{52B59746-83A7-4EB2-94D8-27E47B836FDF}.Release|Any CPU.ActiveCfg = Release|Any CPU
		{52B59746-83A7-4EB2-94D8-27E47B836FDF}.Release|Any CPU.Build.0 = Release|Any CPU
	EndGlobalSection
	GlobalSection(SolutionProperties) = preSolution
		HideSolutionNode = FALSE
	EndGlobalSection
	GlobalSection(ExtensibilityGlobals) = postSolution
		SolutionGuid = {9336A535-81E8-4140-BB3C-2DE2FDAEBFE9}
	EndGlobalSection
EndGlobal
