
Microsoft Visual Studio Solution File, Format Version 12.00
# Visual Studio Version 17
VisualStudioVersion = 17.7.34202.233
MinimumVisualStudioVersion = 10.0.40219.1
Project("{FAE04EC0-301F-11D3-BF4B-00C04F79EFBC}") = "WebApplication12", "WebApplication12\WebApplication12.csproj", "{C61C05E8-940F-439A-93C1-9A6B15FA375A}"
EndProject
Global
	GlobalSection(SolutionConfigurationPlatforms) = preSolution
		Debug|Any CPU = Debug|Any CPU
		Release|Any CPU = Release|Any CPU
	EndGlobalSection
	GlobalSection(ProjectConfigurationPlatforms) = postSolution
		{C61C05E8-940F-439A-93C1-9A6B15FA375A}.Debug|Any CPU.ActiveCfg = Debug|Any CPU
		{C61C05E8-940F-439A-93C1-9A6B15FA375A}.Debug|Any CPU.Build.0 = Debug|Any CPU
		{C61C05E8-940F-439A-93C1-9A6B15FA375A}.Release|Any CPU.ActiveCfg = Release|Any CPU
		{C61C05E8-940F-439A-93C1-9A6B15FA375A}.Release|Any CPU.Build.0 = Release|Any CPU
	EndGlobalSection
	GlobalSection(SolutionProperties) = preSolution
		HideSolutionNode = FALSE
	EndGlobalSection
	GlobalSection(ExtensibilityGlobals) = postSolution
		SolutionGuid = {EDBA480E-2E29-44FE-AC18-73373053F9FB}
	EndGlobalSection
EndGlobal
