
Microsoft Visual Studio Solution File, Format Version 12.00
# Visual Studio Version 17
VisualStudioVersion = 17.7.34202.233
MinimumVisualStudioVersion = 10.0.40219.1
Project("{FAE04EC0-301F-11D3-BF4B-00C04F79EFBC}") = "WebApplication25", "WebApplication25\WebApplication25.csproj", "{68103328-2EFC-4BD6-9540-D6921EBAD7EE}"
EndProject
Global
	GlobalSection(SolutionConfigurationPlatforms) = preSolution
		Debug|Any CPU = Debug|Any CPU
		Release|Any CPU = Release|Any CPU
	EndGlobalSection
	GlobalSection(ProjectConfigurationPlatforms) = postSolution
		{68103328-2EFC-4BD6-9540-D6921EBAD7EE}.Debug|Any CPU.ActiveCfg = Debug|Any CPU
		{68103328-2EFC-4BD6-9540-D6921EBAD7EE}.Debug|Any CPU.Build.0 = Debug|Any CPU
		{68103328-2EFC-4BD6-9540-D6921EBAD7EE}.Release|Any CPU.ActiveCfg = Release|Any CPU
		{68103328-2EFC-4BD6-9540-D6921EBAD7EE}.Release|Any CPU.Build.0 = Release|Any CPU
	EndGlobalSection
	GlobalSection(SolutionProperties) = preSolution
		HideSolutionNode = FALSE
	EndGlobalSection
	GlobalSection(ExtensibilityGlobals) = postSolution
		SolutionGuid = {AB7EE7BB-2202-4CCC-9396-C0F0AF5941E5}
	EndGlobalSection
EndGlobal
