
Microsoft Visual Studio Solution File, Format Version 12.00
# Visual Studio Version 17
VisualStudioVersion = 17.7.34202.233
MinimumVisualStudioVersion = 10.0.40219.1
Project("{FAE04EC0-301F-11D3-BF4B-00C04F79EFBC}") = "ConsoleApp25", "ConsoleApp25\ConsoleApp25.csproj", "{600A627B-EFC9-4CB7-B04F-5584E148278C}"
EndProject
Global
	GlobalSection(SolutionConfigurationPlatforms) = preSolution
		Debug|Any CPU = Debug|Any CPU
		Release|Any CPU = Release|Any CPU
	EndGlobalSection
	GlobalSection(ProjectConfigurationPlatforms) = postSolution
		{600A627B-EFC9-4CB7-B04F-5584E148278C}.Debug|Any CPU.ActiveCfg = Debug|Any CPU
		{600A627B-EFC9-4CB7-B04F-5584E148278C}.Debug|Any CPU.Build.0 = Debug|Any CPU
		{600A627B-EFC9-4CB7-B04F-5584E148278C}.Release|Any CPU.ActiveCfg = Release|Any CPU
		{600A627B-EFC9-4CB7-B04F-5584E148278C}.Release|Any CPU.Build.0 = Release|Any CPU
	EndGlobalSection
	GlobalSection(SolutionProperties) = preSolution
		HideSolutionNode = FALSE
	EndGlobalSection
	GlobalSection(ExtensibilityGlobals) = postSolution
		SolutionGuid = {E225A25A-7E54-4A92-B697-A15E149D44EE}
	EndGlobalSection
EndGlobal
