
Microsoft Visual Studio Solution File, Format Version 12.00
# Visual Studio Version 17
VisualStudioVersion = 17.7.34202.233
MinimumVisualStudioVersion = 10.0.40219.1
Project("{FAE04EC0-301F-11D3-BF4B-00C04F79EFBC}") = "WebApplication30", "WebApplication30\WebApplication30.csproj", "{8AFBD892-87BA-44B7-BFB0-A37BF3675DA9}"
EndProject
Global
	GlobalSection(SolutionConfigurationPlatforms) = preSolution
		Debug|Any CPU = Debug|Any CPU
		Release|Any CPU = Release|Any CPU
	EndGlobalSection
	GlobalSection(ProjectConfigurationPlatforms) = postSolution
		{8AFBD892-87BA-44B7-BFB0-A37BF3675DA9}.Debug|Any CPU.ActiveCfg = Debug|Any CPU
		{8AFBD892-87BA-44B7-BFB0-A37BF3675DA9}.Debug|Any CPU.Build.0 = Debug|Any CPU
		{8AFBD892-87BA-44B7-BFB0-A37BF3675DA9}.Release|Any CPU.ActiveCfg = Release|Any CPU
		{8AFBD892-87BA-44B7-BFB0-A37BF3675DA9}.Release|Any CPU.Build.0 = Release|Any CPU
	EndGlobalSection
	GlobalSection(SolutionProperties) = preSolution
		HideSolutionNode = FALSE
	EndGlobalSection
	GlobalSection(ExtensibilityGlobals) = postSolution
		SolutionGuid = {BFBD902B-CD2F-4DF9-81F6-63E2BA03F88C}
	EndGlobalSection
EndGlobal
