
Microsoft Visual Studio Solution File, Format Version 12.00
# Visual Studio Version 17
VisualStudioVersion = 17.7.34202.233
MinimumVisualStudioVersion = 10.0.40219.1
Project("{FAE04EC0-301F-11D3-BF4B-00C04F79EFBC}") = "ConsoleApp29", "ConsoleApp29\ConsoleApp29.csproj", "{A0AFEB12-899D-4168-BA1A-6BBDEAAC3E00}"
EndProject
Global
	GlobalSection(SolutionConfigurationPlatforms) = preSolution
		Debug|Any CPU = Debug|Any CPU
		Release|Any CPU = Release|Any CPU
	EndGlobalSection
	GlobalSection(ProjectConfigurationPlatforms) = postSolution
		{A0AFEB12-899D-4168-BA1A-6BBDEAAC3E00}.Debug|Any CPU.ActiveCfg = Debug|Any CPU
		{A0AFEB12-899D-4168-BA1A-6BBDEAAC3E00}.Debug|Any CPU.Build.0 = Debug|Any CPU
		{A0AFEB12-899D-4168-BA1A-6BBDEAAC3E00}.Release|Any CPU.ActiveCfg = Release|Any CPU
		{A0AFEB12-899D-4168-BA1A-6BBDEAAC3E00}.Release|Any CPU.Build.0 = Release|Any CPU
	EndGlobalSection
	GlobalSection(SolutionProperties) = preSolution
		HideSolutionNode = FALSE
	EndGlobalSection
	GlobalSection(ExtensibilityGlobals) = postSolution
		SolutionGuid = {89092A49-00CB-420B-A619-7FC6CB07C9A8}
	EndGlobalSection
EndGlobal
