
Microsoft Visual Studio Solution File, Format Version 12.00
# Visual Studio Version 17
VisualStudioVersion = 17.7.34202.233
MinimumVisualStudioVersion = 10.0.40219.1
Project("{FAE04EC0-301F-11D3-BF4B-00C04F79EFBC}") = "ConsoleApp27", "ConsoleApp27\ConsoleApp27.csproj", "{418DEE21-40AA-4BC4-9000-C008625BECC5}"
EndProject
Global
	GlobalSection(SolutionConfigurationPlatforms) = preSolution
		Debug|Any CPU = Debug|Any CPU
		Release|Any CPU = Release|Any CPU
	EndGlobalSection
	GlobalSection(ProjectConfigurationPlatforms) = postSolution
		{418DEE21-40AA-4BC4-9000-C008625BECC5}.Debug|Any CPU.ActiveCfg = Debug|Any CPU
		{418DEE21-40AA-4BC4-9000-C008625BECC5}.Debug|Any CPU.Build.0 = Debug|Any CPU
		{418DEE21-40AA-4BC4-9000-C008625BECC5}.Release|Any CPU.ActiveCfg = Release|Any CPU
		{418DEE21-40AA-4BC4-9000-C008625BECC5}.Release|Any CPU.Build.0 = Release|Any CPU
	EndGlobalSection
	GlobalSection(SolutionProperties) = preSolution
		HideSolutionNode = FALSE
	EndGlobalSection
	GlobalSection(ExtensibilityGlobals) = postSolution
		SolutionGuid = {212E6DF9-A949-4B24-A9AD-A1235395D544}
	EndGlobalSection
EndGlobal
